
Microsoft Visual Studio Solution File, Format Version 12.00
# Visual Studio Version 17
VisualStudioVersion = 17.4.33403.182
MinimumVisualStudioVersion = 10.0.40219.1
Project("{FAE04EC0-301F-11D3-BF4B-00C04F79EFBC}") = "task", "task\task.csproj", "{13B1166A-0F01-4461-A51D-6D435F53180E}"
EndProject
Global
	GlobalSection(SolutionConfigurationPlatforms) = preSolution
		Debug|Any CPU = Debug|Any CPU
		Release|Any CPU = Release|Any CPU
	EndGlobalSection
	GlobalSection(ProjectConfigurationPlatforms) = postSolution
		{13B1166A-0F01-4461-A51D-6D435F53180E}.Debug|Any CPU.ActiveCfg = Debug|Any CPU
		{13B1166A-0F01-4461-A51D-6D435F53180E}.Debug|Any CPU.Build.0 = Debug|Any CPU
		{13B1166A-0F01-4461-A51D-6D435F53180E}.Release|Any CPU.ActiveCfg = Release|Any CPU
		{13B1166A-0F01-4461-A51D-6D435F53180E}.Release|Any CPU.Build.0 = Release|Any CPU
	EndGlobalSection
	GlobalSection(SolutionProperties) = preSolution
		HideSolutionNode = FALSE
	EndGlobalSection
	GlobalSection(ExtensibilityGlobals) = postSolution
		SolutionGuid = {DF96286A-1E55-4002-AA9E-D11C3BB1D420}
	EndGlobalSection
EndGlobal
